
Microsoft Visual Studio Solution File, Format Version 12.00
# Visual Studio Version 17
VisualStudioVersion = 17.5.002.0
MinimumVisualStudioVersion = 10.0.40219.1
Project("{9A19103F-16F7-4668-BE54-9A1E7A4F7556}") = "UserApiMTchTest", "UserApiMTchTest\UserApiMTchTest.csproj", "{299ECB94-B7F8-4C77-A387-4A743831F4F5}"
EndProject
Global
	GlobalSection(SolutionConfigurationPlatforms) = preSolution
		Debug|Any CPU = Debug|Any CPU
		Release|Any CPU = Release|Any CPU
	EndGlobalSection
	GlobalSection(ProjectConfigurationPlatforms) = postSolution
		{299ECB94-B7F8-4C77-A387-4A743831F4F5}.Debug|Any CPU.ActiveCfg = Debug|Any CPU
		{299ECB94-B7F8-4C77-A387-4A743831F4F5}.Debug|Any CPU.Build.0 = Debug|Any CPU
		{299ECB94-B7F8-4C77-A387-4A743831F4F5}.Release|Any CPU.ActiveCfg = Release|Any CPU
		{299ECB94-B7F8-4C77-A387-4A743831F4F5}.Release|Any CPU.Build.0 = Release|Any CPU
	EndGlobalSection
	GlobalSection(SolutionProperties) = preSolution
		HideSolutionNode = FALSE
	EndGlobalSection
	GlobalSection(ExtensibilityGlobals) = postSolution
		SolutionGuid = {7B1B4115-252E-4975-AF91-B5FCCC50260A}
	EndGlobalSection
EndGlobal
